
Microsoft Visual Studio Solution File, Format Version 12.00
# Visual Studio Version 17
VisualStudioVersion = 17.13.35931.197 d17.13
MinimumVisualStudioVersion = 10.0.40219.1
Project("{FAE04EC0-301F-11D3-BF4B-00C04F79EFBC}") = "BackendCalculationService", "BackendCalculationService.csproj", "{26956346-A46D-6A9C-6EB4-7CB1DFAAEE7B}"
EndProject
Global
	GlobalSection(SolutionConfigurationPlatforms) = preSolution
		Debug|Any CPU = Debug|Any CPU
		Release|Any CPU = Release|Any CPU
	EndGlobalSection
	GlobalSection(ProjectConfigurationPlatforms) = postSolution
		{26956346-A46D-6A9C-6EB4-7CB1DFAAEE7B}.Debug|Any CPU.ActiveCfg = Debug|Any CPU
		{26956346-A46D-6A9C-6EB4-7CB1DFAAEE7B}.Debug|Any CPU.Build.0 = Debug|Any CPU
		{26956346-A46D-6A9C-6EB4-7CB1DFAAEE7B}.Release|Any CPU.ActiveCfg = Release|Any CPU
		{26956346-A46D-6A9C-6EB4-7CB1DFAAEE7B}.Release|Any CPU.Build.0 = Release|Any CPU
	EndGlobalSection
	GlobalSection(SolutionProperties) = preSolution
		HideSolutionNode = FALSE
	EndGlobalSection
	GlobalSection(ExtensibilityGlobals) = postSolution
		SolutionGuid = {7B8FC7BD-E815-4D0C-B4A0-E75E4F2DEFA1}
	EndGlobalSection
EndGlobal
